
Microsoft Visual Studio Solution File, Format Version 12.00
# Visual Studio 15
VisualStudioVersion = 15.0.28010.2050
MinimumVisualStudioVersion = 10.0.40219.1
Project("{9A19103F-16F7-4668-BE54-9A1E7A4F7556}") = "SavingFile", "SavingFile\SavingFile.csproj", "{7254013C-054C-4E83-A375-4CE08600BFFC}"
EndProject
Global
	GlobalSection(SolutionConfigurationPlatforms) = preSolution
		Debug|Any CPU = Debug|Any CPU
		Release|Any CPU = Release|Any CPU
	EndGlobalSection
	GlobalSection(ProjectConfigurationPlatforms) = postSolution
		{7254013C-054C-4E83-A375-4CE08600BFFC}.Debug|Any CPU.ActiveCfg = Debug|Any CPU
		{7254013C-054C-4E83-A375-4CE08600BFFC}.Debug|Any CPU.Build.0 = Debug|Any CPU
		{7254013C-054C-4E83-A375-4CE08600BFFC}.Release|Any CPU.ActiveCfg = Release|Any CPU
		{7254013C-054C-4E83-A375-4CE08600BFFC}.Release|Any CPU.Build.0 = Release|Any CPU
	EndGlobalSection
	GlobalSection(SolutionProperties) = preSolution
		HideSolutionNode = FALSE
	EndGlobalSection
	GlobalSection(ExtensibilityGlobals) = postSolution
		SolutionGuid = {D8C0D1BB-5633-4829-9E77-F6479EFE9645}
	EndGlobalSection
EndGlobal
